// !$*UTF8*$!
{
	archiveVersion = 1;
	classes = {
	};
	objectVersion = 51;
	objects = {

/* Begin PBXBuildFile section */
		21D030F02D45AA4915614C43 /* Pods_School_Food.framework in Frameworks */ = {isa = PBXBuildFile; fileRef = 15D5880C6E5D7C5A0B4CD572 /* Pods_School_Food.framework */; };
		8D962BF824F4A43E0015F49A /* DateExtension.swift in Sources */ = {isa = PBXBuildFile; fileRef = 8D962BF724F4A43E0015F49A /* DateExtension.swift */; };
		8D962BFB24F4BA290015F49A /* BaseViewController.swift in Sources */ = {isa = PBXBuildFile; fileRef = 8D962BFA24F4BA290015F49A /* BaseViewController.swift */; };
		8D962BFD24F4BA3D0015F49A /* BaseViewModel.swift in Sources */ = {isa = PBXBuildFile; fileRef = 8D962BFC24F4BA3D0015F49A /* BaseViewModel.swift */; };
		8DA3901D24CD8BC800C163F1 /* AppDelegate.swift in Sources */ = {isa = PBXBuildFile; fileRef = 8DA3901C24CD8BC800C163F1 /* AppDelegate.swift */; };
		8DA3901F24CD8BC800C163F1 /* SceneDelegate.swift in Sources */ = {isa = PBXBuildFile; fileRef = 8DA3901E24CD8BC800C163F1 /* SceneDelegate.swift */; };
		8DA3902624CD8BCA00C163F1 /* Assets.xcassets in Resources */ = {isa = PBXBuildFile; fileRef = 8DA3902524CD8BCA00C163F1 /* Assets.xcassets */; };
		8DA3902924CD8BCA00C163F1 /* LaunchScreen.storyboard in Resources */ = {isa = PBXBuildFile; fileRef = 8DA3902724CD8BCA00C163F1 /* LaunchScreen.storyboard */; };
		8DF9742C24CD942300A58E66 /* Main.storyboard in Resources */ = {isa = PBXBuildFile; fileRef = 8DF9742B24CD942300A58E66 /* Main.storyboard */; };
		8DF9743024CD944700A58E66 /* ScheduleViewModel.swift in Sources */ = {isa = PBXBuildFile; fileRef = 8DF9742D24CD944700A58E66 /* ScheduleViewModel.swift */; };
		8DF9743124CD944700A58E66 /* MealViewModel.swift in Sources */ = {isa = PBXBuildFile; fileRef = 8DF9742E24CD944700A58E66 /* MealViewModel.swift */; };
		8DF9743224CD944700A58E66 /* SchoolViewModel.swift in Sources */ = {isa = PBXBuildFile; fileRef = 8DF9742F24CD944700A58E66 /* SchoolViewModel.swift */; };
		8DF9743624CD945400A58E66 /* ScheduleCell.swift in Sources */ = {isa = PBXBuildFile; fileRef = 8DF9743324CD945400A58E66 /* ScheduleCell.swift */; };
		8DF9743724CD945400A58E66 /* HomeCell.swift in Sources */ = {isa = PBXBuildFile; fileRef = 8DF9743424CD945400A58E66 /* HomeCell.swift */; };
		8DF9743824CD945400A58E66 /* SchoolCell.swift in Sources */ = {isa = PBXBuildFile; fileRef = 8DF9743524CD945400A58E66 /* SchoolCell.swift */; };
		8DF9743D24CD945D00A58E66 /* HomeViewController.swift in Sources */ = {isa = PBXBuildFile; fileRef = 8DF9743924CD945C00A58E66 /* HomeViewController.swift */; };
		8DF9743E24CD945D00A58E66 /* ScheduleViewController.swift in Sources */ = {isa = PBXBuildFile; fileRef = 8DF9743A24CD945C00A58E66 /* ScheduleViewController.swift */; };
		8DF9743F24CD945D00A58E66 /* MealViewController.swift in Sources */ = {isa = PBXBuildFile; fileRef = 8DF9743B24CD945D00A58E66 /* MealViewController.swift */; };
		8DF9744024CD945D00A58E66 /* SchoolViewController.swift in Sources */ = {isa = PBXBuildFile; fileRef = 8DF9743C24CD945D00A58E66 /* SchoolViewController.swift */; };
		8DF9744324CD946B00A58E66 /* ResponseProtocol.swift in Sources */ = {isa = PBXBuildFile; fileRef = 8DF9744124CD946B00A58E66 /* ResponseProtocol.swift */; };
		8DF9744424CD946B00A58E66 /* NetworkClient.swift in Sources */ = {isa = PBXBuildFile; fileRef = 8DF9744224CD946B00A58E66 /* NetworkClient.swift */; };
		8DF9744824CD948900A58E66 /* GetSchool.swift in Sources */ = {isa = PBXBuildFile; fileRef = 8DF9744524CD948900A58E66 /* GetSchool.swift */; };
		8DF9744924CD948900A58E66 /* GetSchedule.swift in Sources */ = {isa = PBXBuildFile; fileRef = 8DF9744624CD948900A58E66 /* GetSchedule.swift */; };
		8DF9744A24CD948900A58E66 /* GetMeal.swift in Sources */ = {isa = PBXBuildFile; fileRef = 8DF9744724CD948900A58E66 /* GetMeal.swift */; };
		8DF9744E24CD949000A58E66 /* GetSchoolRequest.swift in Sources */ = {isa = PBXBuildFile; fileRef = 8DF9744B24CD949000A58E66 /* GetSchoolRequest.swift */; };
		8DF9744F24CD949000A58E66 /* GetScheduleRequest.swift in Sources */ = {isa = PBXBuildFile; fileRef = 8DF9744C24CD949000A58E66 /* GetScheduleRequest.swift */; };
		8DF9745024CD949000A58E66 /* GetMealRequest.swift in Sources */ = {isa = PBXBuildFile; fileRef = 8DF9744D24CD949000A58E66 /* GetMealRequest.swift */; };
		8DF9745424CD94A200A58E66 /* UIActivityIndicatorViewExtension.swift in Sources */ = {isa = PBXBuildFile; fileRef = 8DF9745124CD94A200A58E66 /* UIActivityIndicatorViewExtension.swift */; };
		8DF9745524CD94A200A58E66 /* UIViewControllerExtension.swift in Sources */ = {isa = PBXBuildFile; fileRef = 8DF9745224CD94A200A58E66 /* UIViewControllerExtension.swift */; };
		8DF9745624CD94A200A58E66 /* EncodableExtension.swift in Sources */ = {isa = PBXBuildFile; fileRef = 8DF9745324CD94A200A58E66 /* EncodableExtension.swift */; };
		8DF9745A24CD94BB00A58E66 /* SchoolInfo.swift in Sources */ = {isa = PBXBuildFile; fileRef = 8DF9745724CD94BA00A58E66 /* SchoolInfo.swift */; };
		8DF9745B24CD94BB00A58E66 /* ScheduleInfo.swift in Sources */ = {isa = PBXBuildFile; fileRef = 8DF9745824CD94BA00A58E66 /* ScheduleInfo.swift */; };
		8DF9745C24CD94BB00A58E66 /* SchoolDefaults.swift in Sources */ = {isa = PBXBuildFile; fileRef = 8DF9745924CD94BA00A58E66 /* SchoolDefaults.swift */; };
/* End PBXBuildFile section */

/* Begin PBXFileReference section */
		15D5880C6E5D7C5A0B4CD572 /* Pods_School_Food.framework */ = {isa = PBXFileReference; explicitFileType = wrapper.framework; includeInIndex = 0; path = Pods_School_Food.framework; sourceTree = BUILT_PRODUCTS_DIR; };
		30FC90898E1C8ADD4B6A5ED2 /* Pods-School_Food.debug.xcconfig */ = {isa = PBXFileReference; includeInIndex = 1; lastKnownFileType = text.xcconfig; name = "Pods-School_Food.debug.xcconfig"; path = "Target Support Files/Pods-School_Food/Pods-School_Food.debug.xcconfig"; sourceTree = "<group>"; };
		82309FA3FFA32C7E47020CA4 /* Pods-School_Food.release.xcconfig */ = {isa = PBXFileReference; includeInIndex = 1; lastKnownFileType = text.xcconfig; name = "Pods-School_Food.release.xcconfig"; path = "Target Support Files/Pods-School_Food/Pods-School_Food.release.xcconfig"; sourceTree = "<group>"; };
		8D962BF724F4A43E0015F49A /* DateExtension.swift */ = {isa = PBXFileReference; lastKnownFileType = sourcecode.swift; path = DateExtension.swift; sourceTree = "<group>"; };
		8D962BFA24F4BA290015F49A /* BaseViewController.swift */ = {isa = PBXFileReference; lastKnownFileType = sourcecode.swift; path = BaseViewController.swift; sourceTree = "<group>"; };
		8D962BFC24F4BA3D0015F49A /* BaseViewModel.swift */ = {isa = PBXFileReference; lastKnownFileType = sourcecode.swift; path = BaseViewModel.swift; sourceTree = "<group>"; };
		8DA3901924CD8BC800C163F1 /* School Food.app */ = {isa = PBXFileReference; explicitFileType = wrapper.application; includeInIndex = 0; path = "School Food.app"; sourceTree = BUILT_PRODUCTS_DIR; };
		8DA3901C24CD8BC800C163F1 /* AppDelegate.swift */ = {isa = PBXFileReference; lastKnownFileType = sourcecode.swift; path = AppDelegate.swift; sourceTree = "<group>"; };
		8DA3901E24CD8BC800C163F1 /* SceneDelegate.swift */ = {isa = PBXFileReference; lastKnownFileType = sourcecode.swift; path = SceneDelegate.swift; sourceTree = "<group>"; };
		8DA3902524CD8BCA00C163F1 /* Assets.xcassets */ = {isa = PBXFileReference; lastKnownFileType = folder.assetcatalog; path = Assets.xcassets; sourceTree = "<group>"; };
		8DA3902824CD8BCA00C163F1 /* Base */ = {isa = PBXFileReference; lastKnownFileType = file.storyboard; name = Base; path = Base.lproj/LaunchScreen.storyboard; sourceTree = "<group>"; };
		8DA3902A24CD8BCA00C163F1 /* Info.plist */ = {isa = PBXFileReference; lastKnownFileType = text.plist.xml; path = Info.plist; sourceTree = "<group>"; };
		8DF9742B24CD942300A58E66 /* Main.storyboard */ = {isa = PBXFileReference; fileEncoding = 4; lastKnownFileType = file.storyboard; path = Main.storyboard; sourceTree = "<group>"; };
		8DF9742D24CD944700A58E66 /* ScheduleViewModel.swift */ = {isa = PBXFileReference; fileEncoding = 4; lastKnownFileType = sourcecode.swift; path = ScheduleViewModel.swift; sourceTree = "<group>"; };
		8DF9742E24CD944700A58E66 /* MealViewModel.swift */ = {isa = PBXFileReference; fileEncoding = 4; lastKnownFileType = sourcecode.swift; path = MealViewModel.swift; sourceTree = "<group>"; };
		8DF9742F24CD944700A58E66 /* SchoolViewModel.swift */ = {isa = PBXFileReference; fileEncoding = 4; lastKnownFileType = sourcecode.swift; path = SchoolViewModel.swift; sourceTree = "<group>"; };
		8DF9743324CD945400A58E66 /* ScheduleCell.swift */ = {isa = PBXFileReference; fileEncoding = 4; lastKnownFileType = sourcecode.swift; path = ScheduleCell.swift; sourceTree = "<group>"; };
		8DF9743424CD945400A58E66 /* HomeCell.swift */ = {isa = PBXFileReference; fileEncoding = 4; lastKnownFileType = sourcecode.swift; path = HomeCell.swift; sourceTree = "<group>"; };
		8DF9743524CD945400A58E66 /* SchoolCell.swift */ = {isa = PBXFileReference; fileEncoding = 4; lastKnownFileType = sourcecode.swift; path = SchoolCell.swift; sourceTree = "<group>"; };
		8DF9743924CD945C00A58E66 /* HomeViewController.swift */ = {isa = PBXFileReference; fileEncoding = 4; lastKnownFileType = sourcecode.swift; path = HomeViewController.swift; sourceTree = "<group>"; };
		8DF9743A24CD945C00A58E66 /* ScheduleViewController.swift */ = {isa = PBXFileReference; fileEncoding = 4; lastKnownFileType = sourcecode.swift; path = ScheduleViewController.swift; sourceTree = "<group>"; };
		8DF9743B24CD945D00A58E66 /* MealViewController.swift */ = {isa = PBXFileReference; fileEncoding = 4; lastKnownFileType = sourcecode.swift; path = MealViewController.swift; sourceTree = "<group>"; };
		8DF9743C24CD945D00A58E66 /* SchoolViewController.swift */ = {isa = PBXFileReference; fileEncoding = 4; lastKnownFileType = sourcecode.swift; path = SchoolViewController.swift; sourceTree = "<group>"; };
		8DF9744124CD946B00A58E66 /* ResponseProtocol.swift */ = {isa = PBXFileReference; fileEncoding = 4; lastKnownFileType = sourcecode.swift; path = ResponseProtocol.swift; sourceTree = "<group>"; };
		8DF9744224CD946B00A58E66 /* NetworkClient.swift */ = {isa = PBXFileReference; fileEncoding = 4; lastKnownFileType = sourcecode.swift; path = NetworkClient.swift; sourceTree = "<group>"; };
		8DF9744524CD948900A58E66 /* GetSchool.swift */ = {isa = PBXFileReference; fileEncoding = 4; lastKnownFileType = sourcecode.swift; path = GetSchool.swift; sourceTree = "<group>"; };
		8DF9744624CD948900A58E66 /* GetSchedule.swift */ = {isa = PBXFileReference; fileEncoding = 4; lastKnownFileType = sourcecode.swift; path = GetSchedule.swift; sourceTree = "<group>"; };
		8DF9744724CD948900A58E66 /* GetMeal.swift */ = {isa = PBXFileReference; fileEncoding = 4; lastKnownFileType = sourcecode.swift; path = GetMeal.swift; sourceTree = "<group>"; };
		8DF9744B24CD949000A58E66 /* GetSchoolRequest.swift */ = {isa = PBXFileReference; fileEncoding = 4; lastKnownFileType = sourcecode.swift; path = GetSchoolRequest.swift; sourceTree = "<group>"; };
		8DF9744C24CD949000A58E66 /* GetScheduleRequest.swift */ = {isa = PBXFileReference; fileEncoding = 4; lastKnownFileType = sourcecode.swift; path = GetScheduleRequest.swift; sourceTree = "<group>"; };
		8DF9744D24CD949000A58E66 /* GetMealRequest.swift */ = {isa = PBXFileReference; fileEncoding = 4; lastKnownFileType = sourcecode.swift; path = GetMealRequest.swift; sourceTree = "<group>"; };
		8DF9745124CD94A200A58E66 /* UIActivityIndicatorViewExtension.swift */ = {isa = PBXFileReference; fileEncoding = 4; lastKnownFileType = sourcecode.swift; path = UIActivityIndicatorViewExtension.swift; sourceTree = "<group>"; };
		8DF9745224CD94A200A58E66 /* UIViewControllerExtension.swift */ = {isa = PBXFileReference; fileEncoding = 4; lastKnownFileType = sourcecode.swift; path = UIViewControllerExtension.swift; sourceTree = "<group>"; };
		8DF9745324CD94A200A58E66 /* EncodableExtension.swift */ = {isa = PBXFileReference; fileEncoding = 4; lastKnownFileType = sourcecode.swift; path = EncodableExtension.swift; sourceTree = "<group>"; };
		8DF9745724CD94BA00A58E66 /* SchoolInfo.swift */ = {isa = PBXFileReference; fileEncoding = 4; lastKnownFileType = sourcecode.swift; path = SchoolInfo.swift; sourceTree = "<group>"; };
		8DF9745824CD94BA00A58E66 /* ScheduleInfo.swift */ = {isa = PBXFileReference; fileEncoding = 4; lastKnownFileType = sourcecode.swift; path = ScheduleInfo.swift; sourceTree = "<group>"; };
		8DF9745924CD94BA00A58E66 /* SchoolDefaults.swift */ = {isa = PBXFileReference; fileEncoding = 4; lastKnownFileType = sourcecode.swift; path = SchoolDefaults.swift; sourceTree = "<group>"; };
/* End PBXFileReference section */

/* Begin PBXFrameworksBuildPhase section */
		8DA3901624CD8BC800C163F1 /* Frameworks */ = {
			isa = PBXFrameworksBuildPhase;
			buildActionMask = 2147483647;
			files = (
				21D030F02D45AA4915614C43 /* Pods_School_Food.framework in Frameworks */,
			);
			runOnlyForDeploymentPostprocessing = 0;
		};
/* End PBXFrameworksBuildPhase section */

/* Begin PBXGroup section */
		00EA0A34BAF83C596F3895A3 /* Pods */ = {
			isa = PBXGroup;
			children = (
				30FC90898E1C8ADD4B6A5ED2 /* Pods-School_Food.debug.xcconfig */,
				82309FA3FFA32C7E47020CA4 /* Pods-School_Food.release.xcconfig */,
			);
			path = Pods;
			sourceTree = "<group>";
		};
		8D36703824CD912C004AF15B /* Extension */ = {
			isa = PBXGroup;
			children = (
				8D962BF724F4A43E0015F49A /* DateExtension.swift */,
				8DF9745324CD94A200A58E66 /* EncodableExtension.swift */,
				8DF9745124CD94A200A58E66 /* UIActivityIndicatorViewExtension.swift */,
				8DF9745224CD94A200A58E66 /* UIViewControllerExtension.swift */,
			);
			path = Extension;
			sourceTree = "<group>";
		};
		8D36703924CD913A004AF15B /* Network */ = {
			isa = PBXGroup;
			children = (
				8D36706824CD9283004AF15B /* Response */,
				8D36706124CD9272004AF15B /* Request */,
				8DF9744124CD946B00A58E66 /* ResponseProtocol.swift */,
				8DF9744224CD946B00A58E66 /* NetworkClient.swift */,
			);
			path = Network;
			sourceTree = "<group>";
		};
		8D36703A24CD9145004AF15B /* Model */ = {
			isa = PBXGroup;
			children = (
				8DF9745824CD94BA00A58E66 /* ScheduleInfo.swift */,
				8DF9745724CD94BA00A58E66 /* SchoolInfo.swift */,
				8DF9745924CD94BA00A58E66 /* SchoolDefaults.swift */,
			);
			path = Model;
			sourceTree = "<group>";
		};
		8D36703B24CD9149004AF15B /* ViewModel */ = {
			isa = PBXGroup;
			children = (
				8DF9742E24CD944700A58E66 /* MealViewModel.swift */,
				8DF9742D24CD944700A58E66 /* ScheduleViewModel.swift */,
				8DF9742F24CD944700A58E66 /* SchoolViewModel.swift */,
			);
			path = ViewModel;
			sourceTree = "<group>";
		};
		8D36703C24CD914E004AF15B /* View */ = {
			isa = PBXGroup;
			children = (
				8D36705024CD9226004AF15B /* Cell */,
				8D36704724CD9208004AF15B /* ViewController */,
			);
			path = View;
			sourceTree = "<group>";
		};
		8D36703D24CD9153004AF15B /* Storyboard */ = {
			isa = PBXGroup;
			children = (
				8DA3902724CD8BCA00C163F1 /* LaunchScreen.storyboard */,
				8DF9742B24CD942300A58E66 /* Main.storyboard */,
			);
			path = Storyboard;
			sourceTree = "<group>";
		};
		8D36704724CD9208004AF15B /* ViewController */ = {
			isa = PBXGroup;
			children = (
				8DF9743924CD945C00A58E66 /* HomeViewController.swift */,
				8DF9743B24CD945D00A58E66 /* MealViewController.swift */,
				8DF9743A24CD945C00A58E66 /* ScheduleViewController.swift */,
				8DF9743C24CD945D00A58E66 /* SchoolViewController.swift */,
			);
			path = ViewController;
			sourceTree = "<group>";
		};
		8D36705024CD9226004AF15B /* Cell */ = {
			isa = PBXGroup;
			children = (
				8DF9743424CD945400A58E66 /* HomeCell.swift */,
				8DF9743324CD945400A58E66 /* ScheduleCell.swift */,
				8DF9743524CD945400A58E66 /* SchoolCell.swift */,
			);
			path = Cell;
			sourceTree = "<group>";
		};
		8D36706124CD9272004AF15B /* Request */ = {
			isa = PBXGroup;
			children = (
				8DF9744D24CD949000A58E66 /* GetMealRequest.swift */,
				8DF9744C24CD949000A58E66 /* GetScheduleRequest.swift */,
				8DF9744B24CD949000A58E66 /* GetSchoolRequest.swift */,
			);
			path = Request;
			sourceTree = "<group>";
		};
		8D36706824CD9283004AF15B /* Response */ = {
			isa = PBXGroup;
			children = (
				8DF9744724CD948900A58E66 /* GetMeal.swift */,
				8DF9744624CD948900A58E66 /* GetSchedule.swift */,
				8DF9744524CD948900A58E66 /* GetSchool.swift */,
			);
			path = Response;
			sourceTree = "<group>";
		};
		8D962BF924F4BA160015F49A /* Base */ = {
			isa = PBXGroup;
			children = (
				8D962BFA24F4BA290015F49A /* BaseViewController.swift */,
				8D962BFC24F4BA3D0015F49A /* BaseViewModel.swift */,
			);
			path = Base;
			sourceTree = "<group>";
		};
		8DA3901024CD8BC800C163F1 = {
			isa = PBXGroup;
			children = (
				8DA3901B24CD8BC800C163F1 /* School_Food */,
				8DA3901A24CD8BC800C163F1 /* Products */,
				00EA0A34BAF83C596F3895A3 /* Pods */,
				D60FD46B99407846C49CBDBC /* Frameworks */,
			);
			sourceTree = "<group>";
		};
		8DA3901A24CD8BC800C163F1 /* Products */ = {
			isa = PBXGroup;
			children = (
				8DA3901924CD8BC800C163F1 /* School Food.app */,
			);
			name = Products;
			sourceTree = "<group>";
		};
		8DA3901B24CD8BC800C163F1 /* School_Food */ = {
			isa = PBXGroup;
			children = (
				8D36703D24CD9153004AF15B /* Storyboard */,
				8D962BF924F4BA160015F49A /* Base */,
				8D36703C24CD914E004AF15B /* View */,
				8D36703B24CD9149004AF15B /* ViewModel */,
				8D36703A24CD9145004AF15B /* Model */,
				8D36703924CD913A004AF15B /* Network */,
				8D36703824CD912C004AF15B /* Extension */,
				8DA3901C24CD8BC800C163F1 /* AppDelegate.swift */,
				8DA3901E24CD8BC800C163F1 /* SceneDelegate.swift */,
				8DA3902524CD8BCA00C163F1 /* Assets.xcassets */,
				8DA3902A24CD8BCA00C163F1 /* Info.plist */,
			);
			path = School_Food;
			sourceTree = "<group>";
		};
		D60FD46B99407846C49CBDBC /* Frameworks */ = {
			isa = PBXGroup;
			children = (
				15D5880C6E5D7C5A0B4CD572 /* Pods_School_Food.framework */,
			);
			name = Frameworks;
			sourceTree = "<group>";
		};
/* End PBXGroup section */

/* Begin PBXNativeTarget section */
		8DA3901824CD8BC800C163F1 /* School_Food */ = {
			isa = PBXNativeTarget;
			buildConfigurationList = 8DA3902D24CD8BCA00C163F1 /* Build configuration list for PBXNativeTarget "School_Food" */;
			buildPhases = (
				3B7C8B26931FE43D5F7FD840 /* [CP] Check Pods Manifest.lock */,
				8DA3901524CD8BC800C163F1 /* Sources */,
				8DA3901624CD8BC800C163F1 /* Frameworks */,
				8DA3901724CD8BC800C163F1 /* Resources */,
				1E84180AC5374DE317B8386E /* [CP] Embed Pods Frameworks */,
			);
			buildRules = (
			);
			dependencies = (
			);
			name = School_Food;
			productName = School_Food;
			productReference = 8DA3901924CD8BC800C163F1 /* School Food.app */;
			productType = "com.apple.product-type.application";
		};
/* End PBXNativeTarget section */

/* Begin PBXProject section */
		8DA3901124CD8BC800C163F1 /* Project object */ = {
			isa = PBXProject;
			attributes = {
				LastSwiftUpdateCheck = 1160;
				LastUpgradeCheck = 1160;
				ORGANIZATIONNAME = com.meals.school_food;
				TargetAttributes = {
					8DA3901824CD8BC800C163F1 = {
						CreatedOnToolsVersion = 11.6;
					};
				};
			};
			buildConfigurationList = 8DA3901424CD8BC800C163F1 /* Build configuration list for PBXProject "School_Food" */;
			compatibilityVersion = "Xcode 9.3";
			developmentRegion = en;
			hasScannedForEncodings = 0;
			knownRegions = (
				en,
				Base,
			);
			mainGroup = 8DA3901024CD8BC800C163F1;
			productRefGroup = 8DA3901A24CD8BC800C163F1 /* Products */;
			projectDirPath = "";
			projectRoot = "";
			targets = (
				8DA3901824CD8BC800C163F1 /* School_Food */,
			);
		};
/* End PBXProject section */

/* Begin PBXResourcesBuildPhase section */
		8DA3901724CD8BC800C163F1 /* Resources */ = {
			isa = PBXResourcesBuildPhase;
			buildActionMask = 2147483647;
			files = (
				8DF9742C24CD942300A58E66 /* Main.storyboard in Resources */,
				8DA3902924CD8BCA00C163F1 /* LaunchScreen.storyboard in Resources */,
				8DA3902624CD8BCA00C163F1 /* Assets.xcassets in Resources */,
			);
			runOnlyForDeploymentPostprocessing = 0;
		};
/* End PBXResourcesBuildPhase section */

/* Begin PBXShellScriptBuildPhase section */
		1E84180AC5374DE317B8386E /* [CP] Embed Pods Frameworks */ = {
			isa = PBXShellScriptBuildPhase;
			buildActionMask = 2147483647;
			files = (
			);
			inputFileListPaths = (
				"${PODS_ROOT}/Target Support Files/Pods-School_Food/Pods-School_Food-frameworks-${CONFIGURATION}-input-files.xcfilelist",
			);
			name = "[CP] Embed Pods Frameworks";
			outputFileListPaths = (
				"${PODS_ROOT}/Target Support Files/Pods-School_Food/Pods-School_Food-frameworks-${CONFIGURATION}-output-files.xcfilelist",
			);
			runOnlyForDeploymentPostprocessing = 0;
			shellPath = /bin/sh;
			shellScript = "\"${PODS_ROOT}/Target Support Files/Pods-School_Food/Pods-School_Food-frameworks.sh\"\n";
			showEnvVarsInLog = 0;
		};
		3B7C8B26931FE43D5F7FD840 /* [CP] Check Pods Manifest.lock */ = {
			isa = PBXShellScriptBuildPhase;
			buildActionMask = 2147483647;
			files = (
			);
			inputFileListPaths = (
			);
			inputPaths = (
				"${PODS_PODFILE_DIR_PATH}/Podfile.lock",
				"${PODS_ROOT}/Manifest.lock",
			);
			name = "[CP] Check Pods Manifest.lock";
			outputFileListPaths = (
			);
			outputPaths = (
				"$(DERIVED_FILE_DIR)/Pods-School_Food-checkManifestLockResult.txt",
			);
			runOnlyForDeploymentPostprocessing = 0;
			shellPath = /bin/sh;
			shellScript = "diff \"${PODS_PODFILE_DIR_PATH}/Podfile.lock\" \"${PODS_ROOT}/Manifest.lock\" > /dev/null\nif [ $? != 0 ] ; then\n    # print error to STDERR\n    echo \"error: The sandbox is not in sync with the Podfile.lock. Run 'pod install' or update your CocoaPods installation.\" >&2\n    exit 1\nfi\n# This output is used by Xcode 'outputs' to avoid re-running this script phase.\necho \"SUCCESS\" > \"${SCRIPT_OUTPUT_FILE_0}\"\n";
			showEnvVarsInLog = 0;
		};
/* End PBXShellScriptBuildPhase section */

/* Begin PBXSourcesBuildPhase section */
		8DA3901524CD8BC800C163F1 /* Sources */ = {
			isa = PBXSourcesBuildPhase;
			buildActionMask = 2147483647;
			files = (
				8DA3901D24CD8BC800C163F1 /* AppDelegate.swift in Sources */,
				8DF9744824CD948900A58E66 /* GetSchool.swift in Sources */,
				8DF9743724CD945400A58E66 /* HomeCell.swift in Sources */,
				8DF9743224CD944700A58E66 /* SchoolViewModel.swift in Sources */,
				8DF9743824CD945400A58E66 /* SchoolCell.swift in Sources */,
				8DF9743124CD944700A58E66 /* MealViewModel.swift in Sources */,
				8DF9744E24CD949000A58E66 /* GetSchoolRequest.swift in Sources */,
				8DF9745A24CD94BB00A58E66 /* SchoolInfo.swift in Sources */,
				8DF9745024CD949000A58E66 /* GetMealRequest.swift in Sources */,
				8DF9743E24CD945D00A58E66 /* ScheduleViewController.swift in Sources */,
				8DF9743D24CD945D00A58E66 /* HomeViewController.swift in Sources */,
				8DF9745B24CD94BB00A58E66 /* ScheduleInfo.swift in Sources */,
				8DF9744A24CD948900A58E66 /* GetMeal.swift in Sources */,
				8DF9743024CD944700A58E66 /* ScheduleViewModel.swift in Sources */,
				8DF9744924CD948900A58E66 /* GetSchedule.swift in Sources */,
				8DF9744024CD945D00A58E66 /* SchoolViewController.swift in Sources */,
				8DF9743624CD945400A58E66 /* ScheduleCell.swift in Sources */,
				8DF9745C24CD94BB00A58E66 /* SchoolDefaults.swift in Sources */,
				8D962BFB24F4BA290015F49A /* BaseViewController.swift in Sources */,
				8DF9745624CD94A200A58E66 /* EncodableExtension.swift in Sources */,
				8DF9744F24CD949000A58E66 /* GetScheduleRequest.swift in Sources */,
				8DF9743F24CD945D00A58E66 /* MealViewController.swift in Sources */,
				8DF9745424CD94A200A58E66 /* UIActivityIndicatorViewExtension.swift in Sources */,
				8D962BFD24F4BA3D0015F49A /* BaseViewModel.swift in Sources */,
				8D962BF824F4A43E0015F49A /* DateExtension.swift in Sources */,
				8DF9744424CD946B00A58E66 /* NetworkClient.swift in Sources */,
				8DF9744324CD946B00A58E66 /* ResponseProtocol.swift in Sources */,
				8DF9745524CD94A200A58E66 /* UIViewControllerExtension.swift in Sources */,
				8DA3901F24CD8BC800C163F1 /* SceneDelegate.swift in Sources */,
			);
			runOnlyForDeploymentPostprocessing = 0;
		};
/* End PBXSourcesBuildPhase section */

/* Begin PBXVariantGroup section */
		8DA3902724CD8BCA00C163F1 /* LaunchScreen.storyboard */ = {
			isa = PBXVariantGroup;
			children = (
				8DA3902824CD8BCA00C163F1 /* Base */,
			);
			name = LaunchScreen.storyboard;
			sourceTree = "<group>";
		};
/* End PBXVariantGroup section */

/* Begin XCBuildConfiguration section */
		8DA3902B24CD8BCA00C163F1 /* Debug */ = {
			isa = XCBuildConfiguration;
			buildSettings = {
				ALWAYS_SEARCH_USER_PATHS = NO;
				CLANG_ANALYZER_NONNULL = YES;
				CLANG_ANALYZER_NUMBER_OBJECT_CONVERSION = YES_AGGRESSIVE;
				CLANG_CXX_LANGUAGE_STANDARD = "gnu++14";
				CLANG_CXX_LIBRARY = "libc++";
				CLANG_ENABLE_MODULES = YES;
				CLANG_ENABLE_OBJC_ARC = YES;
				CLANG_ENABLE_OBJC_WEAK = YES;
				CLANG_WARN_BLOCK_CAPTURE_AUTORELEASING = YES;
				CLANG_WARN_BOOL_CONVERSION = YES;
				CLANG_WARN_COMMA = YES;
				CLANG_WARN_CONSTANT_CONVERSION = YES;
				CLANG_WARN_DEPRECATED_OBJC_IMPLEMENTATIONS = YES;
				CLANG_WARN_DIRECT_OBJC_ISA_USAGE = YES_ERROR;
				CLANG_WARN_DOCUMENTATION_COMMENTS = YES;
				CLANG_WARN_EMPTY_BODY = YES;
				CLANG_WARN_ENUM_CONVERSION = YES;
				CLANG_WARN_INFINITE_RECURSION = YES;
				CLANG_WARN_INT_CONVERSION = YES;
				CLANG_WARN_NON_LITERAL_NULL_CONVERSION = YES;
				CLANG_WARN_OBJC_IMPLICIT_RETAIN_SELF = YES;
				CLANG_WARN_OBJC_LITERAL_CONVERSION = YES;
				CLANG_WARN_OBJC_ROOT_CLASS = YES_ERROR;
				CLANG_WARN_RANGE_LOOP_ANALYSIS = YES;
				CLANG_WARN_STRICT_PROTOTYPES = YES;
				CLANG_WARN_SUSPICIOUS_MOVE = YES;
				CLANG_WARN_UNGUARDED_AVAILABILITY = YES_AGGRESSIVE;
				CLANG_WARN_UNREACHABLE_CODE = YES;
				CLANG_WARN__DUPLICATE_METHOD_MATCH = YES;
				COPY_PHASE_STRIP = NO;
				DEBUG_INFORMATION_FORMAT = dwarf;
				ENABLE_STRICT_OBJC_MSGSEND = YES;
				ENABLE_TESTABILITY = YES;
				GCC_C_LANGUAGE_STANDARD = gnu11;
				GCC_DYNAMIC_NO_PIC = NO;
				GCC_NO_COMMON_BLOCKS = YES;
				GCC_OPTIMIZATION_LEVEL = 0;
				GCC_PREPROCESSOR_DEFINITIONS = (
					"DEBUG=1",
					"$(inherited)",
				);
				GCC_WARN_64_TO_32_BIT_CONVERSION = YES;
				GCC_WARN_ABOUT_RETURN_TYPE = YES_ERROR;
				GCC_WARN_UNDECLARED_SELECTOR = YES;
				GCC_WARN_UNINITIALIZED_AUTOS = YES_AGGRESSIVE;
				GCC_WARN_UNUSED_FUNCTION = YES;
				GCC_WARN_UNUSED_VARIABLE = YES;
				IPHONEOS_DEPLOYMENT_TARGET = 13.6;
				MTL_ENABLE_DEBUG_INFO = INCLUDE_SOURCE;
				MTL_FAST_MATH = YES;
				ONLY_ACTIVE_ARCH = YES;
				SDKROOT = iphoneos;
				SWIFT_ACTIVE_COMPILATION_CONDITIONS = DEBUG;
				SWIFT_OPTIMIZATION_LEVEL = "-Onone";
				TARGETED_DEVICE_FAMILY = "1,2";
			};
			name = Debug;
		};
		8DA3902C24CD8BCA00C163F1 /* Release */ = {
			isa = XCBuildConfiguration;
			buildSettings = {
				ALWAYS_SEARCH_USER_PATHS = NO;
				CLANG_ANALYZER_NONNULL = YES;
				CLANG_ANALYZER_NUMBER_OBJECT_CONVERSION = YES_AGGRESSIVE;
				CLANG_CXX_LANGUAGE_STANDARD = "gnu++14";
				CLANG_CXX_LIBRARY = "libc++";
				CLANG_ENABLE_MODULES = YES;
				CLANG_ENABLE_OBJC_ARC = YES;
				CLANG_ENABLE_OBJC_WEAK = YES;
				CLANG_WARN_BLOCK_CAPTURE_AUTORELEASING = YES;
				CLANG_WARN_BOOL_CONVERSION = YES;
				CLANG_WARN_COMMA = YES;
				CLANG_WARN_CONSTANT_CONVERSION = YES;
				CLANG_WARN_DEPRECATED_OBJC_IMPLEMENTATIONS = YES;
				CLANG_WARN_DIRECT_OBJC_ISA_USAGE = YES_ERROR;
				CLANG_WARN_DOCUMENTATION_COMMENTS = YES;
				CLANG_WARN_EMPTY_BODY = YES;
				CLANG_WARN_ENUM_CONVERSION = YES;
				CLANG_WARN_INFINITE_RECURSION = YES;
				CLANG_WARN_INT_CONVERSION = YES;
				CLANG_WARN_NON_LITERAL_NULL_CONVERSION = YES;
				CLANG_WARN_OBJC_IMPLICIT_RETAIN_SELF = YES;
				CLANG_WARN_OBJC_LITERAL_CONVERSION = YES;
				CLANG_WARN_OBJC_ROOT_CLASS = YES_ERROR;
				CLANG_WARN_RANGE_LOOP_ANALYSIS = YES;
				CLANG_WARN_STRICT_PROTOTYPES = YES;
				CLANG_WARN_SUSPICIOUS_MOVE = YES;
				CLANG_WARN_UNGUARDED_AVAILABILITY = YES_AGGRESSIVE;
				CLANG_WARN_UNREACHABLE_CODE = YES;
				CLANG_WARN__DUPLICATE_METHOD_MATCH = YES;
				COPY_PHASE_STRIP = NO;
				DEBUG_INFORMATION_FORMAT = "dwarf-with-dsym";
				ENABLE_NS_ASSERTIONS = NO;
				ENABLE_STRICT_OBJC_MSGSEND = YES;
				GCC_C_LANGUAGE_STANDARD = gnu11;
				GCC_NO_COMMON_BLOCKS = YES;
				GCC_WARN_64_TO_32_BIT_CONVERSION = YES;
				GCC_WARN_ABOUT_RETURN_TYPE = YES_ERROR;
				GCC_WARN_UNDECLARED_SELECTOR = YES;
				GCC_WARN_UNINITIALIZED_AUTOS = YES_AGGRESSIVE;
				GCC_WARN_UNUSED_FUNCTION = YES;
				GCC_WARN_UNUSED_VARIABLE = YES;
				IPHONEOS_DEPLOYMENT_TARGET = 13.6;
				MTL_ENABLE_DEBUG_INFO = NO;
				MTL_FAST_MATH = YES;
				SDKROOT = iphoneos;
				SWIFT_COMPILATION_MODE = wholemodule;
				SWIFT_OPTIMIZATION_LEVEL = "-O";
				TARGETED_DEVICE_FAMILY = "1,2";
				VALIDATE_PRODUCT = YES;
			};
			name = Release;
		};
		8DA3902E24CD8BCA00C163F1 /* Debug */ = {
			isa = XCBuildConfiguration;
			baseConfigurationReference = 30FC90898E1C8ADD4B6A5ED2 /* Pods-School_Food.debug.xcconfig */;
			buildSettings = {
				ASSETCATALOG_COMPILER_APPICON_NAME = AppIcon;
				CODE_SIGN_STYLE = Automatic;
				DEVELOPMENT_TEAM = 98Y25V599G;
				INFOPLIST_FILE = School_Food/Info.plist;
				IPHONEOS_DEPLOYMENT_TARGET = 13.6;
				LD_RUNPATH_SEARCH_PATHS = (
					"$(inherited)",
					"@executable_path/Frameworks",
				);
				PRODUCT_BUNDLE_IDENTIFIER = "com.meals.school-food.School-Food";
				PRODUCT_NAME = "School Food";
				SWIFT_VERSION = 5.0;
				TARGETED_DEVICE_FAMILY = "1,2";
			};
			name = Debug;
		};
		8DA3902F24CD8BCA00C163F1 /* Release */ = {
			isa = XCBuildConfiguration;
			baseConfigurationReference = 82309FA3FFA32C7E47020CA4 /* Pods-School_Food.release.xcconfig */;
			buildSettings = {
				ASSETCATALOG_COMPILER_APPICON_NAME = AppIcon;
				CODE_SIGN_STYLE = Automatic;
				DEVELOPMENT_TEAM = 98Y25V599G;
				INFOPLIST_FILE = School_Food/Info.plist;
				IPHONEOS_DEPLOYMENT_TARGET = 13.6;
				LD_RUNPATH_SEARCH_PATHS = (
					"$(inherited)",
					"@executable_path/Frameworks",
				);
				PRODUCT_BUNDLE_IDENTIFIER = "com.meals.school-food.School-Food";
				PRODUCT_NAME = "School Food";
				SWIFT_VERSION = 5.0;
				TARGETED_DEVICE_FAMILY = "1,2";
			};
			name = Release;
		};
/* End XCBuildConfiguration section */

/* Begin XCConfigurationList section */
		8DA3901424CD8BC800C163F1 /* Build configuration list for PBXProject "School_Food" */ = {
			isa = XCConfigurationList;
			buildConfigurations = (
				8DA3902B24CD8BCA00C163F1 /* Debug */,
				8DA3902C24CD8BCA00C163F1 /* Release */,
			);
			defaultConfigurationIsVisible = 0;
			defaultConfigurationName = Release;
		};
		8DA3902D24CD8BCA00C163F1 /* Build configuration list for PBXNativeTarget "School_Food" */ = {
			isa = XCConfigurationList;
			buildConfigurations = (
				8DA3902E24CD8BCA00C163F1 /* Debug */,
				8DA3902F24CD8BCA00C163F1 /* Release */,
			);
			defaultConfigurationIsVisible = 0;
			defaultConfigurationName = Release;
		};
/* End XCConfigurationList section */
	};
	rootObject = 8DA3901124CD8BC800C163F1 /* Project object */;
}
