// !$*UTF8*$!
{
	archiveVersion = 1;
	classes = {
	};
	objectVersion = 50;
	objects = {

/* Begin PBXBuildFile section */
		21D030F02D45AA4915614C43 /* Pods_School_Food.framework in Frameworks */ = {isa = PBXBuildFile; fileRef = 15D5880C6E5D7C5A0B4CD572 /* Pods_School_Food.framework */; };
		8DA3901D24CD8BC800C163F1 /* AppDelegate.swift in Sources */ = {isa = PBXBuildFile; fileRef = 8DA3901C24CD8BC800C163F1 /* AppDelegate.swift */; };
		8DA3901F24CD8BC800C163F1 /* SceneDelegate.swift in Sources */ = {isa = PBXBuildFile; fileRef = 8DA3901E24CD8BC800C163F1 /* SceneDelegate.swift */; };
		8DA3902124CD8BC800C163F1 /* ViewController.swift in Sources */ = {isa = PBXBuildFile; fileRef = 8DA3902024CD8BC800C163F1 /* ViewController.swift */; };
		8DA3902424CD8BC800C163F1 /* Main.storyboard in Resources */ = {isa = PBXBuildFile; fileRef = 8DA3902224CD8BC800C163F1 /* Main.storyboard */; };
		8DA3902624CD8BCA00C163F1 /* Assets.xcassets in Resources */ = {isa = PBXBuildFile; fileRef = 8DA3902524CD8BCA00C163F1 /* Assets.xcassets */; };
		8DA3902924CD8BCA00C163F1 /* LaunchScreen.storyboard in Resources */ = {isa = PBXBuildFile; fileRef = 8DA3902724CD8BCA00C163F1 /* LaunchScreen.storyboard */; };
/* End PBXBuildFile section */

/* Begin PBXFileReference section */
		15D5880C6E5D7C5A0B4CD572 /* Pods_School_Food.framework */ = {isa = PBXFileReference; explicitFileType = wrapper.framework; includeInIndex = 0; path = Pods_School_Food.framework; sourceTree = BUILT_PRODUCTS_DIR; };
		30FC90898E1C8ADD4B6A5ED2 /* Pods-School_Food.debug.xcconfig */ = {isa = PBXFileReference; includeInIndex = 1; lastKnownFileType = text.xcconfig; name = "Pods-School_Food.debug.xcconfig"; path = "Target Support Files/Pods-School_Food/Pods-School_Food.debug.xcconfig"; sourceTree = "<group>"; };
		82309FA3FFA32C7E47020CA4 /* Pods-School_Food.release.xcconfig */ = {isa = PBXFileReference; includeInIndex = 1; lastKnownFileType = text.xcconfig; name = "Pods-School_Food.release.xcconfig"; path = "Target Support Files/Pods-School_Food/Pods-School_Food.release.xcconfig"; sourceTree = "<group>"; };
		8DA3901924CD8BC800C163F1 /* School_Food.app */ = {isa = PBXFileReference; explicitFileType = wrapper.application; includeInIndex = 0; path = School_Food.app; sourceTree = BUILT_PRODUCTS_DIR; };
		8DA3901C24CD8BC800C163F1 /* AppDelegate.swift */ = {isa = PBXFileReference; lastKnownFileType = sourcecode.swift; path = AppDelegate.swift; sourceTree = "<group>"; };
		8DA3901E24CD8BC800C163F1 /* SceneDelegate.swift */ = {isa = PBXFileReference; lastKnownFileType = sourcecode.swift; path = SceneDelegate.swift; sourceTree = "<group>"; };
		8DA3902024CD8BC800C163F1 /* ViewController.swift */ = {isa = PBXFileReference; lastKnownFileType = sourcecode.swift; path = ViewController.swift; sourceTree = "<group>"; };
		8DA3902324CD8BC800C163F1 /* Base */ = {isa = PBXFileReference; lastKnownFileType = file.storyboard; name = Base; path = Base.lproj/Main.storyboard; sourceTree = "<group>"; };
		8DA3902524CD8BCA00C163F1 /* Assets.xcassets */ = {isa = PBXFileReference; lastKnownFileType = folder.assetcatalog; path = Assets.xcassets; sourceTree = "<group>"; };
		8DA3902824CD8BCA00C163F1 /* Base */ = {isa = PBXFileReference; lastKnownFileType = file.storyboard; name = Base; path = Base.lproj/LaunchScreen.storyboard; sourceTree = "<group>"; };
		8DA3902A24CD8BCA00C163F1 /* Info.plist */ = {isa = PBXFileReference; lastKnownFileType = text.plist.xml; path = Info.plist; sourceTree = "<group>"; };
/* End PBXFileReference section */

/* Begin PBXFrameworksBuildPhase section */
		8DA3901624CD8BC800C163F1 /* Frameworks */ = {
			isa = PBXFrameworksBuildPhase;
			buildActionMask = 2147483647;
			files = (
				21D030F02D45AA4915614C43 /* Pods_School_Food.framework in Frameworks */,
			);
			runOnlyForDeploymentPostprocessing = 0;
		};
/* End PBXFrameworksBuildPhase section */

/* Begin PBXGroup section */
		00EA0A34BAF83C596F3895A3 /* Pods */ = {
			isa = PBXGroup;
			children = (
				30FC90898E1C8ADD4B6A5ED2 /* Pods-School_Food.debug.xcconfig */,
				82309FA3FFA32C7E47020CA4 /* Pods-School_Food.release.xcconfig */,
			);
			name = Pods;
			path = Pods;
			sourceTree = "<group>";
		};
		8DA3901024CD8BC800C163F1 = {
			isa = PBXGroup;
			children = (
				8DA3901B24CD8BC800C163F1 /* School_Food */,
				8DA3901A24CD8BC800C163F1 /* Products */,
				00EA0A34BAF83C596F3895A3 /* Pods */,
				D60FD46B99407846C49CBDBC /* Frameworks */,
			);
			sourceTree = "<group>";
		};
		8DA3901A24CD8BC800C163F1 /* Products */ = {
			isa = PBXGroup;
			children = (
				8DA3901924CD8BC800C163F1 /* School_Food.app */,
			);
			name = Products;
			sourceTree = "<group>";
		};
		8DA3901B24CD8BC800C163F1 /* School_Food */ = {
			isa = PBXGroup;
			children = (
				8DA3901C24CD8BC800C163F1 /* AppDelegate.swift */,
				8DA3901E24CD8BC800C163F1 /* SceneDelegate.swift */,
				8DA3902024CD8BC800C163F1 /* ViewController.swift */,
				8DA3902224CD8BC800C163F1 /* Main.storyboard */,
				8DA3902524CD8BCA00C163F1 /* Assets.xcassets */,
				8DA3902724CD8BCA00C163F1 /* LaunchScreen.storyboard */,
				8DA3902A24CD8BCA00C163F1 /* Info.plist */,
			);
			path = School_Food;
			sourceTree = "<group>";
		};
		D60FD46B99407846C49CBDBC /* Frameworks */ = {
			isa = PBXGroup;
			children = (
				15D5880C6E5D7C5A0B4CD572 /* Pods_School_Food.framework */,
			);
			name = Frameworks;
			sourceTree = "<group>";
		};
/* End PBXGroup section */

/* Begin PBXNativeTarget section */
		8DA3901824CD8BC800C163F1 /* School_Food */ = {
			isa = PBXNativeTarget;
			buildConfigurationList = 8DA3902D24CD8BCA00C163F1 /* Build configuration list for PBXNativeTarget "School_Food" */;
			buildPhases = (
				3B7C8B26931FE43D5F7FD840 /* [CP] Check Pods Manifest.lock */,
				8DA3901524CD8BC800C163F1 /* Sources */,
				8DA3901624CD8BC800C163F1 /* Frameworks */,
				8DA3901724CD8BC800C163F1 /* Resources */,
				1E84180AC5374DE317B8386E /* [CP] Embed Pods Frameworks */,
			);
			buildRules = (
			);
			dependencies = (
			);
			name = School_Food;
			productName = School_Food;
			productReference = 8DA3901924CD8BC800C163F1 /* School_Food.app */;
			productType = "com.apple.product-type.application";
		};
/* End PBXNativeTarget section */

/* Begin PBXProject section */
		8DA3901124CD8BC800C163F1 /* Project object */ = {
			isa = PBXProject;
			attributes = {
				LastSwiftUpdateCheck = 1160;
				LastUpgradeCheck = 1160;
				ORGANIZATIONNAME = com.meals.school_food;
				TargetAttributes = {
					8DA3901824CD8BC800C163F1 = {
						CreatedOnToolsVersion = 11.6;
					};
				};
			};
			buildConfigurationList = 8DA3901424CD8BC800C163F1 /* Build configuration list for PBXProject "School_Food" */;
			compatibilityVersion = "Xcode 9.3";
			developmentRegion = en;
			hasScannedForEncodings = 0;
			knownRegions = (
				en,
				Base,
			);
			mainGroup = 8DA3901024CD8BC800C163F1;
			productRefGroup = 8DA3901A24CD8BC800C163F1 /* Products */;
			projectDirPath = "";
			projectRoot = "";
			targets = (
				8DA3901824CD8BC800C163F1 /* School_Food */,
			);
		};
/* End PBXProject section */

/* Begin PBXResourcesBuildPhase section */
		8DA3901724CD8BC800C163F1 /* Resources */ = {
			isa = PBXResourcesBuildPhase;
			buildActionMask = 2147483647;
			files = (
				8DA3902924CD8BCA00C163F1 /* LaunchScreen.storyboard in Resources */,
				8DA3902624CD8BCA00C163F1 /* Assets.xcassets in Resources */,
				8DA3902424CD8BC800C163F1 /* Main.storyboard in Resources */,
			);
			runOnlyForDeploymentPostprocessing = 0;
		};
/* End PBXResourcesBuildPhase section */

/* Begin PBXShellScriptBuildPhase section */
		1E84180AC5374DE317B8386E /* [CP] Embed Pods Frameworks */ = {
			isa = PBXShellScriptBuildPhase;
			buildActionMask = 2147483647;
			files = (
			);
			inputFileListPaths = (
				"${PODS_ROOT}/Target Support Files/Pods-School_Food/Pods-School_Food-frameworks-${CONFIGURATION}-input-files.xcfilelist",
			);
			name = "[CP] Embed Pods Frameworks";
			outputFileListPaths = (
				"${PODS_ROOT}/Target Support Files/Pods-School_Food/Pods-School_Food-frameworks-${CONFIGURATION}-output-files.xcfilelist",
			);
			runOnlyForDeploymentPostprocessing = 0;
			shellPath = /bin/sh;
			shellScript = "\"${PODS_ROOT}/Target Support Files/Pods-School_Food/Pods-School_Food-frameworks.sh\"\n";
			showEnvVarsInLog = 0;
		};
		3B7C8B26931FE43D5F7FD840 /* [CP] Check Pods Manifest.lock */ = {
			isa = PBXShellScriptBuildPhase;
			buildActionMask = 2147483647;
			files = (
			);
			inputFileListPaths = (
			);
			inputPaths = (
				"${PODS_PODFILE_DIR_PATH}/Podfile.lock",
				"${PODS_ROOT}/Manifest.lock",
			);
			name = "[CP] Check Pods Manifest.lock";
			outputFileListPaths = (
			);
			outputPaths = (
				"$(DERIVED_FILE_DIR)/Pods-School_Food-checkManifestLockResult.txt",
			);
			runOnlyForDeploymentPostprocessing = 0;
			shellPath = /bin/sh;
			shellScript = "diff \"${PODS_PODFILE_DIR_PATH}/Podfile.lock\" \"${PODS_ROOT}/Manifest.lock\" > /dev/null\nif [ $? != 0 ] ; then\n    # print error to STDERR\n    echo \"error: The sandbox is not in sync with the Podfile.lock. Run 'pod install' or update your CocoaPods installation.\" >&2\n    exit 1\nfi\n# This output is used by Xcode 'outputs' to avoid re-running this script phase.\necho \"SUCCESS\" > \"${SCRIPT_OUTPUT_FILE_0}\"\n";
			showEnvVarsInLog = 0;
		};
/* End PBXShellScriptBuildPhase section */

/* Begin PBXSourcesBuildPhase section */
		8DA3901524CD8BC800C163F1 /* Sources */ = {
			isa = PBXSourcesBuildPhase;
			buildActionMask = 2147483647;
			files = (
				8DA3902124CD8BC800C163F1 /* ViewController.swift in Sources */,
				8DA3901D24CD8BC800C163F1 /* AppDelegate.swift in Sources */,
				8DA3901F24CD8BC800C163F1 /* SceneDelegate.swift in Sources */,
			);
			runOnlyForDeploymentPostprocessing = 0;
		};
/* End PBXSourcesBuildPhase section */

/* Begin PBXVariantGroup section */
		8DA3902224CD8BC800C163F1 /* Main.storyboard */ = {
			isa = PBXVariantGroup;
			children = (
				8DA3902324CD8BC800C163F1 /* Base */,
			);
			name = Main.storyboard;
			sourceTree = "<group>";
		};
		8DA3902724CD8BCA00C163F1 /* LaunchScreen.storyboard */ = {
			isa = PBXVariantGroup;
			children = (
				8DA3902824CD8BCA00C163F1 /* Base */,
			);
			name = LaunchScreen.storyboard;
			sourceTree = "<group>";
		};
/* End PBXVariantGroup section */

/* Begin XCBuildConfiguration section */
		8DA3902B24CD8BCA00C163F1 /* Debug */ = {
			isa = XCBuildConfiguration;
			buildSettings = {
				ALWAYS_SEARCH_USER_PATHS = NO;
				CLANG_ANALYZER_NONNULL = YES;
				CLANG_ANALYZER_NUMBER_OBJECT_CONVERSION = YES_AGGRESSIVE;
				CLANG_CXX_LANGUAGE_STANDARD = "gnu++14";
				CLANG_CXX_LIBRARY = "libc++";
				CLANG_ENABLE_MODULES = YES;
				CLANG_ENABLE_OBJC_ARC = YES;
				CLANG_ENABLE_OBJC_WEAK = YES;
				CLANG_WARN_BLOCK_CAPTURE_AUTORELEASING = YES;
				CLANG_WARN_BOOL_CONVERSION = YES;
				CLANG_WARN_COMMA = YES;
				CLANG_WARN_CONSTANT_CONVERSION = YES;
				CLANG_WARN_DEPRECATED_OBJC_IMPLEMENTATIONS = YES;
				CLANG_WARN_DIRECT_OBJC_ISA_USAGE = YES_ERROR;
				CLANG_WARN_DOCUMENTATION_COMMENTS = YES;
				CLANG_WARN_EMPTY_BODY = YES;
				CLANG_WARN_ENUM_CONVERSION = YES;
				CLANG_WARN_INFINITE_RECURSION = YES;
				CLANG_WARN_INT_CONVERSION = YES;
				CLANG_WARN_NON_LITERAL_NULL_CONVERSION = YES;
				CLANG_WARN_OBJC_IMPLICIT_RETAIN_SELF = YES;
				CLANG_WARN_OBJC_LITERAL_CONVERSION = YES;
				CLANG_WARN_OBJC_ROOT_CLASS = YES_ERROR;
				CLANG_WARN_RANGE_LOOP_ANALYSIS = YES;
				CLANG_WARN_STRICT_PROTOTYPES = YES;
				CLANG_WARN_SUSPICIOUS_MOVE = YES;
				CLANG_WARN_UNGUARDED_AVAILABILITY = YES_AGGRESSIVE;
				CLANG_WARN_UNREACHABLE_CODE = YES;
				CLANG_WARN__DUPLICATE_METHOD_MATCH = YES;
				COPY_PHASE_STRIP = NO;
				DEBUG_INFORMATION_FORMAT = dwarf;
				ENABLE_STRICT_OBJC_MSGSEND = YES;
				ENABLE_TESTABILITY = YES;
				GCC_C_LANGUAGE_STANDARD = gnu11;
				GCC_DYNAMIC_NO_PIC = NO;
				GCC_NO_COMMON_BLOCKS = YES;
				GCC_OPTIMIZATION_LEVEL = 0;
				GCC_PREPROCESSOR_DEFINITIONS = (
					"DEBUG=1",
					"$(inherited)",
				);
				GCC_WARN_64_TO_32_BIT_CONVERSION = YES;
				GCC_WARN_ABOUT_RETURN_TYPE = YES_ERROR;
				GCC_WARN_UNDECLARED_SELECTOR = YES;
				GCC_WARN_UNINITIALIZED_AUTOS = YES_AGGRESSIVE;
				GCC_WARN_UNUSED_FUNCTION = YES;
				GCC_WARN_UNUSED_VARIABLE = YES;
				IPHONEOS_DEPLOYMENT_TARGET = 13.6;
				MTL_ENABLE_DEBUG_INFO = INCLUDE_SOURCE;
				MTL_FAST_MATH = YES;
				ONLY_ACTIVE_ARCH = YES;
				SDKROOT = iphoneos;
				SWIFT_ACTIVE_COMPILATION_CONDITIONS = DEBUG;
				SWIFT_OPTIMIZATION_LEVEL = "-Onone";
			};
			name = Debug;
		};
		8DA3902C24CD8BCA00C163F1 /* Release */ = {
			isa = XCBuildConfiguration;
			buildSettings = {
				ALWAYS_SEARCH_USER_PATHS = NO;
				CLANG_ANALYZER_NONNULL = YES;
				CLANG_ANALYZER_NUMBER_OBJECT_CONVERSION = YES_AGGRESSIVE;
				CLANG_CXX_LANGUAGE_STANDARD = "gnu++14";
				CLANG_CXX_LIBRARY = "libc++";
				CLANG_ENABLE_MODULES = YES;
				CLANG_ENABLE_OBJC_ARC = YES;
				CLANG_ENABLE_OBJC_WEAK = YES;
				CLANG_WARN_BLOCK_CAPTURE_AUTORELEASING = YES;
				CLANG_WARN_BOOL_CONVERSION = YES;
				CLANG_WARN_COMMA = YES;
				CLANG_WARN_CONSTANT_CONVERSION = YES;
				CLANG_WARN_DEPRECATED_OBJC_IMPLEMENTATIONS = YES;
				CLANG_WARN_DIRECT_OBJC_ISA_USAGE = YES_ERROR;
				CLANG_WARN_DOCUMENTATION_COMMENTS = YES;
				CLANG_WARN_EMPTY_BODY = YES;
				CLANG_WARN_ENUM_CONVERSION = YES;
				CLANG_WARN_INFINITE_RECURSION = YES;
				CLANG_WARN_INT_CONVERSION = YES;
				CLANG_WARN_NON_LITERAL_NULL_CONVERSION = YES;
				CLANG_WARN_OBJC_IMPLICIT_RETAIN_SELF = YES;
				CLANG_WARN_OBJC_LITERAL_CONVERSION = YES;
				CLANG_WARN_OBJC_ROOT_CLASS = YES_ERROR;
				CLANG_WARN_RANGE_LOOP_ANALYSIS = YES;
				CLANG_WARN_STRICT_PROTOTYPES = YES;
				CLANG_WARN_SUSPICIOUS_MOVE = YES;
				CLANG_WARN_UNGUARDED_AVAILABILITY = YES_AGGRESSIVE;
				CLANG_WARN_UNREACHABLE_CODE = YES;
				CLANG_WARN__DUPLICATE_METHOD_MATCH = YES;
				COPY_PHASE_STRIP = NO;
				DEBUG_INFORMATION_FORMAT = "dwarf-with-dsym";
				ENABLE_NS_ASSERTIONS = NO;
				ENABLE_STRICT_OBJC_MSGSEND = YES;
				GCC_C_LANGUAGE_STANDARD = gnu11;
				GCC_NO_COMMON_BLOCKS = YES;
				GCC_WARN_64_TO_32_BIT_CONVERSION = YES;
				GCC_WARN_ABOUT_RETURN_TYPE = YES_ERROR;
				GCC_WARN_UNDECLARED_SELECTOR = YES;
				GCC_WARN_UNINITIALIZED_AUTOS = YES_AGGRESSIVE;
				GCC_WARN_UNUSED_FUNCTION = YES;
				GCC_WARN_UNUSED_VARIABLE = YES;
				IPHONEOS_DEPLOYMENT_TARGET = 13.6;
				MTL_ENABLE_DEBUG_INFO = NO;
				MTL_FAST_MATH = YES;
				SDKROOT = iphoneos;
				SWIFT_COMPILATION_MODE = wholemodule;
				SWIFT_OPTIMIZATION_LEVEL = "-O";
				VALIDATE_PRODUCT = YES;
			};
			name = Release;
		};
		8DA3902E24CD8BCA00C163F1 /* Debug */ = {
			isa = XCBuildConfiguration;
			baseConfigurationReference = 30FC90898E1C8ADD4B6A5ED2 /* Pods-School_Food.debug.xcconfig */;
			buildSettings = {
				ASSETCATALOG_COMPILER_APPICON_NAME = AppIcon;
				CODE_SIGN_STYLE = Automatic;
				INFOPLIST_FILE = School_Food/Info.plist;
				LD_RUNPATH_SEARCH_PATHS = (
					"$(inherited)",
					"@executable_path/Frameworks",
				);
				PRODUCT_BUNDLE_IDENTIFIER = "com.meals.school-food.School-Food";
				PRODUCT_NAME = "$(TARGET_NAME)";
				SWIFT_VERSION = 5.0;
				TARGETED_DEVICE_FAMILY = "1,2";
			};
			name = Debug;
		};
		8DA3902F24CD8BCA00C163F1 /* Release */ = {
			isa = XCBuildConfiguration;
			baseConfigurationReference = 82309FA3FFA32C7E47020CA4 /* Pods-School_Food.release.xcconfig */;
			buildSettings = {
				ASSETCATALOG_COMPILER_APPICON_NAME = AppIcon;
				CODE_SIGN_STYLE = Automatic;
				INFOPLIST_FILE = School_Food/Info.plist;
				LD_RUNPATH_SEARCH_PATHS = (
					"$(inherited)",
					"@executable_path/Frameworks",
				);
				PRODUCT_BUNDLE_IDENTIFIER = "com.meals.school-food.School-Food";
				PRODUCT_NAME = "$(TARGET_NAME)";
				SWIFT_VERSION = 5.0;
				TARGETED_DEVICE_FAMILY = "1,2";
			};
			name = Release;
		};
/* End XCBuildConfiguration section */

/* Begin XCConfigurationList section */
		8DA3901424CD8BC800C163F1 /* Build configuration list for PBXProject "School_Food" */ = {
			isa = XCConfigurationList;
			buildConfigurations = (
				8DA3902B24CD8BCA00C163F1 /* Debug */,
				8DA3902C24CD8BCA00C163F1 /* Release */,
			);
			defaultConfigurationIsVisible = 0;
			defaultConfigurationName = Release;
		};
		8DA3902D24CD8BCA00C163F1 /* Build configuration list for PBXNativeTarget "School_Food" */ = {
			isa = XCConfigurationList;
			buildConfigurations = (
				8DA3902E24CD8BCA00C163F1 /* Debug */,
				8DA3902F24CD8BCA00C163F1 /* Release */,
			);
			defaultConfigurationIsVisible = 0;
			defaultConfigurationName = Release;
		};
/* End XCConfigurationList section */
	};
	rootObject = 8DA3901124CD8BC800C163F1 /* Project object */;
}
